
Microsoft Visual Studio Solution File, Format Version 12.00
# Visual Studio Version 17
VisualStudioVersion = 17.3.32929.385
MinimumVisualStudioVersion = 10.0.40219.1
Project("{FAE04EC0-301F-11D3-BF4B-00C04F79EFBC}") = "BankApp.Web", "BankApp.Web\BankApp.Web.csproj", "{043F1CFA-122E-4F9D-9E37-903A55249531}"
EndProject
Project("{FAE04EC0-301F-11D3-BF4B-00C04F79EFBC}") = "BankApp.API", "BankApp.API\BankApp.API.csproj", "{11BD98FD-2484-4C03-8484-3A7D30CDD4C7}"
EndProject
Global
	GlobalSection(SolutionConfigurationPlatforms) = preSolution
		Debug|Any CPU = Debug|Any CPU
		Release|Any CPU = Release|Any CPU
	EndGlobalSection
	GlobalSection(ProjectConfigurationPlatforms) = postSolution
		{043F1CFA-122E-4F9D-9E37-903A55249531}.Debug|Any CPU.ActiveCfg = Debug|Any CPU
		{043F1CFA-122E-4F9D-9E37-903A55249531}.Debug|Any CPU.Build.0 = Debug|Any CPU
		{043F1CFA-122E-4F9D-9E37-903A55249531}.Release|Any CPU.ActiveCfg = Release|Any CPU
		{043F1CFA-122E-4F9D-9E37-903A55249531}.Release|Any CPU.Build.0 = Release|Any CPU
		{11BD98FD-2484-4C03-8484-3A7D30CDD4C7}.Debug|Any CPU.ActiveCfg = Debug|Any CPU
		{11BD98FD-2484-4C03-8484-3A7D30CDD4C7}.Debug|Any CPU.Build.0 = Debug|Any CPU
		{11BD98FD-2484-4C03-8484-3A7D30CDD4C7}.Release|Any CPU.ActiveCfg = Release|Any CPU
		{11BD98FD-2484-4C03-8484-3A7D30CDD4C7}.Release|Any CPU.Build.0 = Release|Any CPU
	EndGlobalSection
	GlobalSection(SolutionProperties) = preSolution
		HideSolutionNode = FALSE
	EndGlobalSection
	GlobalSection(ExtensibilityGlobals) = postSolution
		SolutionGuid = {E7683F9F-2F27-478C-BE58-9D749838148B}
	EndGlobalSection
EndGlobal
